// !$*UTF8*$!
{
	archiveVersion = 1;
	classes = {
	};
	objectVersion = 46;
	objects = {

/* Begin PBXBuildFile section */
		D30929241F20336600D975B6 /* AppDelegate.swift in Sources */ = {isa = PBXBuildFile; fileRef = D30929231F20336600D975B6 /* AppDelegate.swift */; };
		D30929261F20336600D975B6 /* ViewController.swift in Sources */ = {isa = PBXBuildFile; fileRef = D30929251F20336600D975B6 /* ViewController.swift */; };
		D30929291F20336600D975B6 /* Main.storyboard in Resources */ = {isa = PBXBuildFile; fileRef = D30929271F20336600D975B6 /* Main.storyboard */; };
		D309292B1F20336600D975B6 /* Assets.xcassets in Resources */ = {isa = PBXBuildFile; fileRef = D309292A1F20336600D975B6 /* Assets.xcassets */; };
		D309292E1F20336600D975B6 /* LaunchScreen.storyboard in Resources */ = {isa = PBXBuildFile; fileRef = D309292C1F20336600D975B6 /* LaunchScreen.storyboard */; };
		D30929391F20336600D975B6 /* Pokedex3Tests.swift in Sources */ = {isa = PBXBuildFile; fileRef = D30929381F20336600D975B6 /* Pokedex3Tests.swift */; };
		D30929441F20336600D975B6 /* Pokedex3UITests.swift in Sources */ = {isa = PBXBuildFile; fileRef = D30929431F20336600D975B6 /* Pokedex3UITests.swift */; };
		D30929531F2037AB00D975B6 /* pokemon.csv in Resources */ = {isa = PBXBuildFile; fileRef = D30929521F2037AB00D975B6 /* pokemon.csv */; };
		D30929591F203BFE00D975B6 /* Pokemon.swift in Sources */ = {isa = PBXBuildFile; fileRef = D30929581F203BFE00D975B6 /* Pokemon.swift */; };
		D309295B1F2044E000D975B6 /* PokeCell.swift in Sources */ = {isa = PBXBuildFile; fileRef = D309295A1F2044E000D975B6 /* PokeCell.swift */; };
		D309295D1F204A4400D975B6 /* csv.swift in Sources */ = {isa = PBXBuildFile; fileRef = D309295C1F204A4400D975B6 /* csv.swift */; };
/* End PBXBuildFile section */

/* Begin PBXContainerItemProxy section */
		D30929351F20336600D975B6 /* PBXContainerItemProxy */ = {
			isa = PBXContainerItemProxy;
			containerPortal = D30929181F20336600D975B6 /* Project object */;
			proxyType = 1;
			remoteGlobalIDString = D309291F1F20336600D975B6;
			remoteInfo = Pokedex3;
		};
		D30929401F20336600D975B6 /* PBXContainerItemProxy */ = {
			isa = PBXContainerItemProxy;
			containerPortal = D30929181F20336600D975B6 /* Project object */;
			proxyType = 1;
			remoteGlobalIDString = D309291F1F20336600D975B6;
			remoteInfo = Pokedex3;
		};
/* End PBXContainerItemProxy section */

/* Begin PBXFileReference section */
		D30929201F20336600D975B6 /* Pokedex3.app */ = {isa = PBXFileReference; explicitFileType = wrapper.application; includeInIndex = 0; path = Pokedex3.app; sourceTree = BUILT_PRODUCTS_DIR; };
		D30929231F20336600D975B6 /* AppDelegate.swift */ = {isa = PBXFileReference; lastKnownFileType = sourcecode.swift; path = AppDelegate.swift; sourceTree = "<group>"; };
		D30929251F20336600D975B6 /* ViewController.swift */ = {isa = PBXFileReference; lastKnownFileType = sourcecode.swift; path = ViewController.swift; sourceTree = "<group>"; };
		D30929281F20336600D975B6 /* Base */ = {isa = PBXFileReference; lastKnownFileType = file.storyboard; name = Base; path = Base.lproj/Main.storyboard; sourceTree = "<group>"; };
		D309292A1F20336600D975B6 /* Assets.xcassets */ = {isa = PBXFileReference; lastKnownFileType = folder.assetcatalog; path = Assets.xcassets; sourceTree = "<group>"; };
		D309292D1F20336600D975B6 /* Base */ = {isa = PBXFileReference; lastKnownFileType = file.storyboard; name = Base; path = Base.lproj/LaunchScreen.storyboard; sourceTree = "<group>"; };
		D309292F1F20336600D975B6 /* Info.plist */ = {isa = PBXFileReference; lastKnownFileType = text.plist.xml; path = Info.plist; sourceTree = "<group>"; };
		D30929341F20336600D975B6 /* Pokedex3Tests.xctest */ = {isa = PBXFileReference; explicitFileType = wrapper.cfbundle; includeInIndex = 0; path = Pokedex3Tests.xctest; sourceTree = BUILT_PRODUCTS_DIR; };
		D30929381F20336600D975B6 /* Pokedex3Tests.swift */ = {isa = PBXFileReference; lastKnownFileType = sourcecode.swift; path = Pokedex3Tests.swift; sourceTree = "<group>"; };
		D309293A1F20336600D975B6 /* Info.plist */ = {isa = PBXFileReference; lastKnownFileType = text.plist.xml; path = Info.plist; sourceTree = "<group>"; };
		D309293F1F20336600D975B6 /* Pokedex3UITests.xctest */ = {isa = PBXFileReference; explicitFileType = wrapper.cfbundle; includeInIndex = 0; path = Pokedex3UITests.xctest; sourceTree = BUILT_PRODUCTS_DIR; };
		D30929431F20336600D975B6 /* Pokedex3UITests.swift */ = {isa = PBXFileReference; lastKnownFileType = sourcecode.swift; path = Pokedex3UITests.swift; sourceTree = "<group>"; };
		D30929451F20336600D975B6 /* Info.plist */ = {isa = PBXFileReference; lastKnownFileType = text.plist.xml; path = Info.plist; sourceTree = "<group>"; };
		D30929521F2037AB00D975B6 /* pokemon.csv */ = {isa = PBXFileReference; fileEncoding = 4; lastKnownFileType = text; path = pokemon.csv; sourceTree = "<group>"; };
		D30929581F203BFE00D975B6 /* Pokemon.swift */ = {isa = PBXFileReference; fileEncoding = 4; lastKnownFileType = sourcecode.swift; path = Pokemon.swift; sourceTree = "<group>"; };
		D309295A1F2044E000D975B6 /* PokeCell.swift */ = {isa = PBXFileReference; fileEncoding = 4; lastKnownFileType = sourcecode.swift; path = PokeCell.swift; sourceTree = "<group>"; };
		D309295C1F204A4400D975B6 /* csv.swift */ = {isa = PBXFileReference; fileEncoding = 4; lastKnownFileType = sourcecode.swift; path = csv.swift; sourceTree = "<group>"; };
/* End PBXFileReference section */

/* Begin PBXFrameworksBuildPhase section */
		D309291D1F20336600D975B6 /* Frameworks */ = {
			isa = PBXFrameworksBuildPhase;
			buildActionMask = 2147483647;
			files = (
			);
			runOnlyForDeploymentPostprocessing = 0;
		};
		D30929311F20336600D975B6 /* Frameworks */ = {
			isa = PBXFrameworksBuildPhase;
			buildActionMask = 2147483647;
			files = (
			);
			runOnlyForDeploymentPostprocessing = 0;
		};
		D309293C1F20336600D975B6 /* Frameworks */ = {
			isa = PBXFrameworksBuildPhase;
			buildActionMask = 2147483647;
			files = (
			);
			runOnlyForDeploymentPostprocessing = 0;
		};
/* End PBXFrameworksBuildPhase section */

/* Begin PBXGroup section */
		D30929171F20336600D975B6 = {
			isa = PBXGroup;
			children = (
				D30929221F20336600D975B6 /* Pokedex3 */,
				D30929371F20336600D975B6 /* Pokedex3Tests */,
				D30929421F20336600D975B6 /* Pokedex3UITests */,
				D30929211F20336600D975B6 /* Products */,
			);
			sourceTree = "<group>";
		};
		D30929211F20336600D975B6 /* Products */ = {
			isa = PBXGroup;
			children = (
				D30929201F20336600D975B6 /* Pokedex3.app */,
				D30929341F20336600D975B6 /* Pokedex3Tests.xctest */,
				D309293F1F20336600D975B6 /* Pokedex3UITests.xctest */,
			);
			name = Products;
			sourceTree = "<group>";
		};
		D30929221F20336600D975B6 /* Pokedex3 */ = {
			isa = PBXGroup;
			children = (
				D30929561F20386100D975B6 /* Model */,
				D30929551F20385800D975B6 /* View */,
				D30929541F20384600D975B6 /* Controller */,
				D30929511F20376A00D975B6 /* Resources */,
				D30929571F20386F00D975B6 /* Util */,
				D30929231F20336600D975B6 /* AppDelegate.swift */,
				D30929271F20336600D975B6 /* Main.storyboard */,
				D309292A1F20336600D975B6 /* Assets.xcassets */,
				D309292C1F20336600D975B6 /* LaunchScreen.storyboard */,
				D309292F1F20336600D975B6 /* Info.plist */,
			);
			path = Pokedex3;
			sourceTree = "<group>";
		};
		D30929371F20336600D975B6 /* Pokedex3Tests */ = {
			isa = PBXGroup;
			children = (
				D30929381F20336600D975B6 /* Pokedex3Tests.swift */,
				D309293A1F20336600D975B6 /* Info.plist */,
			);
			path = Pokedex3Tests;
			sourceTree = "<group>";
		};
		D30929421F20336600D975B6 /* Pokedex3UITests */ = {
			isa = PBXGroup;
			children = (
				D30929431F20336600D975B6 /* Pokedex3UITests.swift */,
				D30929451F20336600D975B6 /* Info.plist */,
			);
			path = Pokedex3UITests;
			sourceTree = "<group>";
		};
		D30929511F20376A00D975B6 /* Resources */ = {
			isa = PBXGroup;
			children = (
				D30929521F2037AB00D975B6 /* pokemon.csv */,
			);
			name = Resources;
			sourceTree = "<group>";
		};
		D30929541F20384600D975B6 /* Controller */ = {
			isa = PBXGroup;
			children = (
				D30929251F20336600D975B6 /* ViewController.swift */,
			);
			name = Controller;
			sourceTree = "<group>";
		};
		D30929551F20385800D975B6 /* View */ = {
			isa = PBXGroup;
			children = (
				D309295A1F2044E000D975B6 /* PokeCell.swift */,
			);
			name = View;
			sourceTree = "<group>";
		};
		D30929561F20386100D975B6 /* Model */ = {
			isa = PBXGroup;
			children = (
				D30929581F203BFE00D975B6 /* Pokemon.swift */,
			);
			name = Model;
			sourceTree = "<group>";
		};
		D30929571F20386F00D975B6 /* Util */ = {
			isa = PBXGroup;
			children = (
				D309295C1F204A4400D975B6 /* csv.swift */,
			);
			name = Util;
			sourceTree = "<group>";
		};
/* End PBXGroup section */

/* Begin PBXNativeTarget section */
		D309291F1F20336600D975B6 /* Pokedex3 */ = {
			isa = PBXNativeTarget;
			buildConfigurationList = D30929481F20336600D975B6 /* Build configuration list for PBXNativeTarget "Pokedex3" */;
			buildPhases = (
				D309291C1F20336600D975B6 /* Sources */,
				D309291D1F20336600D975B6 /* Frameworks */,
				D309291E1F20336600D975B6 /* Resources */,
			);
			buildRules = (
			);
			dependencies = (
			);
			name = Pokedex3;
			productName = Pokedex3;
			productReference = D30929201F20336600D975B6 /* Pokedex3.app */;
			productType = "com.apple.product-type.application";
		};
		D30929331F20336600D975B6 /* Pokedex3Tests */ = {
			isa = PBXNativeTarget;
			buildConfigurationList = D309294B1F20336600D975B6 /* Build configuration list for PBXNativeTarget "Pokedex3Tests" */;
			buildPhases = (
				D30929301F20336600D975B6 /* Sources */,
				D30929311F20336600D975B6 /* Frameworks */,
				D30929321F20336600D975B6 /* Resources */,
			);
			buildRules = (
			);
			dependencies = (
				D30929361F20336600D975B6 /* PBXTargetDependency */,
			);
			name = Pokedex3Tests;
			productName = Pokedex3Tests;
			productReference = D30929341F20336600D975B6 /* Pokedex3Tests.xctest */;
			productType = "com.apple.product-type.bundle.unit-test";
		};
		D309293E1F20336600D975B6 /* Pokedex3UITests */ = {
			isa = PBXNativeTarget;
			buildConfigurationList = D309294E1F20336600D975B6 /* Build configuration list for PBXNativeTarget "Pokedex3UITests" */;
			buildPhases = (
				D309293B1F20336600D975B6 /* Sources */,
				D309293C1F20336600D975B6 /* Frameworks */,
				D309293D1F20336600D975B6 /* Resources */,
			);
			buildRules = (
			);
			dependencies = (
				D30929411F20336600D975B6 /* PBXTargetDependency */,
			);
			name = Pokedex3UITests;
			productName = Pokedex3UITests;
			productReference = D309293F1F20336600D975B6 /* Pokedex3UITests.xctest */;
			productType = "com.apple.product-type.bundle.ui-testing";
		};
/* End PBXNativeTarget section */

/* Begin PBXProject section */
		D30929181F20336600D975B6 /* Project object */ = {
			isa = PBXProject;
			attributes = {
				LastSwiftUpdateCheck = 0830;
				LastUpgradeCheck = 0830;
				ORGANIZATIONNAME = brimarq;
				TargetAttributes = {
					D309291F1F20336600D975B6 = {
						CreatedOnToolsVersion = 8.3.3;
						LastSwiftMigration = 0830;
						ProvisioningStyle = Automatic;
					};
					D30929331F20336600D975B6 = {
						CreatedOnToolsVersion = 8.3.3;
						LastSwiftMigration = 0830;
						ProvisioningStyle = Automatic;
						TestTargetID = D309291F1F20336600D975B6;
					};
					D309293E1F20336600D975B6 = {
						CreatedOnToolsVersion = 8.3.3;
						LastSwiftMigration = 0830;
						ProvisioningStyle = Automatic;
						TestTargetID = D309291F1F20336600D975B6;
					};
				};
			};
			buildConfigurationList = D309291B1F20336600D975B6 /* Build configuration list for PBXProject "Pokedex3" */;
			compatibilityVersion = "Xcode 3.2";
			developmentRegion = English;
			hasScannedForEncodings = 0;
			knownRegions = (
				en,
				Base,
			);
			mainGroup = D30929171F20336600D975B6;
			productRefGroup = D30929211F20336600D975B6 /* Products */;
			projectDirPath = "";
			projectRoot = "";
			targets = (
				D309291F1F20336600D975B6 /* Pokedex3 */,
				D30929331F20336600D975B6 /* Pokedex3Tests */,
				D309293E1F20336600D975B6 /* Pokedex3UITests */,
			);
		};
/* End PBXProject section */

/* Begin PBXResourcesBuildPhase section */
		D309291E1F20336600D975B6 /* Resources */ = {
			isa = PBXResourcesBuildPhase;
			buildActionMask = 2147483647;
			files = (
				D309292E1F20336600D975B6 /* LaunchScreen.storyboard in Resources */,
				D309292B1F20336600D975B6 /* Assets.xcassets in Resources */,
				D30929531F2037AB00D975B6 /* pokemon.csv in Resources */,
				D30929291F20336600D975B6 /* Main.storyboard in Resources */,
			);
			runOnlyForDeploymentPostprocessing = 0;
		};
		D30929321F20336600D975B6 /* Resources */ = {
			isa = PBXResourcesBuildPhase;
			buildActionMask = 2147483647;
			files = (
			);
			runOnlyForDeploymentPostprocessing = 0;
		};
		D309293D1F20336600D975B6 /* Resources */ = {
			isa = PBXResourcesBuildPhase;
			buildActionMask = 2147483647;
			files = (
			);
			runOnlyForDeploymentPostprocessing = 0;
		};
/* End PBXResourcesBuildPhase section */

/* Begin PBXSourcesBuildPhase section */
		D309291C1F20336600D975B6 /* Sources */ = {
			isa = PBXSourcesBuildPhase;
			buildActionMask = 2147483647;
			files = (
				D309295B1F2044E000D975B6 /* PokeCell.swift in Sources */,
				D30929261F20336600D975B6 /* ViewController.swift in Sources */,
				D30929241F20336600D975B6 /* AppDelegate.swift in Sources */,
				D30929591F203BFE00D975B6 /* Pokemon.swift in Sources */,
				D309295D1F204A4400D975B6 /* csv.swift in Sources */,
			);
			runOnlyForDeploymentPostprocessing = 0;
		};
		D30929301F20336600D975B6 /* Sources */ = {
			isa = PBXSourcesBuildPhase;
			buildActionMask = 2147483647;
			files = (
				D30929391F20336600D975B6 /* Pokedex3Tests.swift in Sources */,
			);
			runOnlyForDeploymentPostprocessing = 0;
		};
		D309293B1F20336600D975B6 /* Sources */ = {
			isa = PBXSourcesBuildPhase;
			buildActionMask = 2147483647;
			files = (
				D30929441F20336600D975B6 /* Pokedex3UITests.swift in Sources */,
			);
			runOnlyForDeploymentPostprocessing = 0;
		};
/* End PBXSourcesBuildPhase section */

/* Begin PBXTargetDependency section */
		D30929361F20336600D975B6 /* PBXTargetDependency */ = {
			isa = PBXTargetDependency;
			target = D309291F1F20336600D975B6 /* Pokedex3 */;
			targetProxy = D30929351F20336600D975B6 /* PBXContainerItemProxy */;
		};
		D30929411F20336600D975B6 /* PBXTargetDependency */ = {
			isa = PBXTargetDependency;
			target = D309291F1F20336600D975B6 /* Pokedex3 */;
			targetProxy = D30929401F20336600D975B6 /* PBXContainerItemProxy */;
		};
/* End PBXTargetDependency section */

/* Begin PBXVariantGroup section */
		D30929271F20336600D975B6 /* Main.storyboard */ = {
			isa = PBXVariantGroup;
			children = (
				D30929281F20336600D975B6 /* Base */,
			);
			name = Main.storyboard;
			sourceTree = "<group>";
		};
		D309292C1F20336600D975B6 /* LaunchScreen.storyboard */ = {
			isa = PBXVariantGroup;
			children = (
				D309292D1F20336600D975B6 /* Base */,
			);
			name = LaunchScreen.storyboard;
			sourceTree = "<group>";
		};
/* End PBXVariantGroup section */

/* Begin XCBuildConfiguration section */
		D30929461F20336600D975B6 /* Debug */ = {
			isa = XCBuildConfiguration;
			buildSettings = {
				ALWAYS_SEARCH_USER_PATHS = NO;
				CLANG_ANALYZER_NONNULL = YES;
				CLANG_ANALYZER_NUMBER_OBJECT_CONVERSION = YES_AGGRESSIVE;
				CLANG_CXX_LANGUAGE_STANDARD = "gnu++0x";
				CLANG_CXX_LIBRARY = "libc++";
				CLANG_ENABLE_MODULES = YES;
				CLANG_ENABLE_OBJC_ARC = YES;
				CLANG_WARN_BOOL_CONVERSION = YES;
				CLANG_WARN_CONSTANT_CONVERSION = YES;
				CLANG_WARN_DIRECT_OBJC_ISA_USAGE = YES_ERROR;
				CLANG_WARN_DOCUMENTATION_COMMENTS = YES;
				CLANG_WARN_EMPTY_BODY = YES;
				CLANG_WARN_ENUM_CONVERSION = YES;
				CLANG_WARN_INFINITE_RECURSION = YES;
				CLANG_WARN_INT_CONVERSION = YES;
				CLANG_WARN_OBJC_ROOT_CLASS = YES_ERROR;
				CLANG_WARN_SUSPICIOUS_MOVE = YES;
				CLANG_WARN_UNREACHABLE_CODE = YES;
				CLANG_WARN__DUPLICATE_METHOD_MATCH = YES;
				"CODE_SIGN_IDENTITY[sdk=iphoneos*]" = "iPhone Developer";
				COPY_PHASE_STRIP = NO;
				DEBUG_INFORMATION_FORMAT = dwarf;
				ENABLE_STRICT_OBJC_MSGSEND = YES;
				ENABLE_TESTABILITY = YES;
				GCC_C_LANGUAGE_STANDARD = gnu99;
				GCC_DYNAMIC_NO_PIC = NO;
				GCC_NO_COMMON_BLOCKS = YES;
				GCC_OPTIMIZATION_LEVEL = 0;
				GCC_PREPROCESSOR_DEFINITIONS = (
					"DEBUG=1",
					"$(inherited)",
				);
				GCC_WARN_64_TO_32_BIT_CONVERSION = YES;
				GCC_WARN_ABOUT_RETURN_TYPE = YES_ERROR;
				GCC_WARN_UNDECLARED_SELECTOR = YES;
				GCC_WARN_UNINITIALIZED_AUTOS = YES_AGGRESSIVE;
				GCC_WARN_UNUSED_FUNCTION = YES;
				GCC_WARN_UNUSED_VARIABLE = YES;
				IPHONEOS_DEPLOYMENT_TARGET = 10.3;
				MTL_ENABLE_DEBUG_INFO = YES;
				ONLY_ACTIVE_ARCH = YES;
				SDKROOT = iphoneos;
				SWIFT_ACTIVE_COMPILATION_CONDITIONS = DEBUG;
				SWIFT_OPTIMIZATION_LEVEL = "-Onone";
				TARGETED_DEVICE_FAMILY = "1,2";
			};
			name = Debug;
		};
		D30929471F20336600D975B6 /* Release */ = {
			isa = XCBuildConfiguration;
			buildSettings = {
				ALWAYS_SEARCH_USER_PATHS = NO;
				CLANG_ANALYZER_NONNULL = YES;
				CLANG_ANALYZER_NUMBER_OBJECT_CONVERSION = YES_AGGRESSIVE;
				CLANG_CXX_LANGUAGE_STANDARD = "gnu++0x";
				CLANG_CXX_LIBRARY = "libc++";
				CLANG_ENABLE_MODULES = YES;
				CLANG_ENABLE_OBJC_ARC = YES;
				CLANG_WARN_BOOL_CONVERSION = YES;
				CLANG_WARN_CONSTANT_CONVERSION = YES;
				CLANG_WARN_DIRECT_OBJC_ISA_USAGE = YES_ERROR;
				CLANG_WARN_DOCUMENTATION_COMMENTS = YES;
				CLANG_WARN_EMPTY_BODY = YES;
				CLANG_WARN_ENUM_CONVERSION = YES;
				CLANG_WARN_INFINITE_RECURSION = YES;
				CLANG_WARN_INT_CONVERSION = YES;
				CLANG_WARN_OBJC_ROOT_CLASS = YES_ERROR;
				CLANG_WARN_SUSPICIOUS_MOVE = YES;
				CLANG_WARN_UNREACHABLE_CODE = YES;
				CLANG_WARN__DUPLICATE_METHOD_MATCH = YES;
				"CODE_SIGN_IDENTITY[sdk=iphoneos*]" = "iPhone Developer";
				COPY_PHASE_STRIP = NO;
				DEBUG_INFORMATION_FORMAT = "dwarf-with-dsym";
				ENABLE_NS_ASSERTIONS = NO;
				ENABLE_STRICT_OBJC_MSGSEND = YES;
				GCC_C_LANGUAGE_STANDARD = gnu99;
				GCC_NO_COMMON_BLOCKS = YES;
				GCC_WARN_64_TO_32_BIT_CONVERSION = YES;
				GCC_WARN_ABOUT_RETURN_TYPE = YES_ERROR;
				GCC_WARN_UNDECLARED_SELECTOR = YES;
				GCC_WARN_UNINITIALIZED_AUTOS = YES_AGGRESSIVE;
				GCC_WARN_UNUSED_FUNCTION = YES;
				GCC_WARN_UNUSED_VARIABLE = YES;
				IPHONEOS_DEPLOYMENT_TARGET = 10.3;
				MTL_ENABLE_DEBUG_INFO = NO;
				SDKROOT = iphoneos;
				SWIFT_OPTIMIZATION_LEVEL = "-Owholemodule";
				TARGETED_DEVICE_FAMILY = "1,2";
				VALIDATE_PRODUCT = YES;
			};
			name = Release;
		};
		D30929491F20336600D975B6 /* Debug */ = {
			isa = XCBuildConfiguration;
			buildSettings = {
				ASSETCATALOG_COMPILER_APPICON_NAME = AppIcon;
				INFOPLIST_FILE = Pokedex3/Info.plist;
				LD_RUNPATH_SEARCH_PATHS = "$(inherited) @executable_path/Frameworks";
				PRODUCT_BUNDLE_IDENTIFIER = com.brimarq.Pokedex3;
				PRODUCT_NAME = "$(TARGET_NAME)";
				SWIFT_VERSION = 3.0;
			};
			name = Debug;
		};
		D309294A1F20336600D975B6 /* Release */ = {
			isa = XCBuildConfiguration;
			buildSettings = {
				ASSETCATALOG_COMPILER_APPICON_NAME = AppIcon;
				INFOPLIST_FILE = Pokedex3/Info.plist;
				LD_RUNPATH_SEARCH_PATHS = "$(inherited) @executable_path/Frameworks";
				PRODUCT_BUNDLE_IDENTIFIER = com.brimarq.Pokedex3;
				PRODUCT_NAME = "$(TARGET_NAME)";
				SWIFT_VERSION = 3.0;
			};
			name = Release;
		};
		D309294C1F20336600D975B6 /* Debug */ = {
			isa = XCBuildConfiguration;
			buildSettings = {
				ALWAYS_EMBED_SWIFT_STANDARD_LIBRARIES = YES;
				BUNDLE_LOADER = "$(TEST_HOST)";
				INFOPLIST_FILE = Pokedex3Tests/Info.plist;
				LD_RUNPATH_SEARCH_PATHS = "$(inherited) @executable_path/Frameworks @loader_path/Frameworks";
				PRODUCT_BUNDLE_IDENTIFIER = com.brimarq.Pokedex3Tests;
				PRODUCT_NAME = "$(TARGET_NAME)";
				SWIFT_VERSION = 3.0;
				TEST_HOST = "$(BUILT_PRODUCTS_DIR)/Pokedex3.app/Pokedex3";
			};
			name = Debug;
		};
		D309294D1F20336600D975B6 /* Release */ = {
			isa = XCBuildConfiguration;
			buildSettings = {
				ALWAYS_EMBED_SWIFT_STANDARD_LIBRARIES = YES;
				BUNDLE_LOADER = "$(TEST_HOST)";
				INFOPLIST_FILE = Pokedex3Tests/Info.plist;
				LD_RUNPATH_SEARCH_PATHS = "$(inherited) @executable_path/Frameworks @loader_path/Frameworks";
				PRODUCT_BUNDLE_IDENTIFIER = com.brimarq.Pokedex3Tests;
				PRODUCT_NAME = "$(TARGET_NAME)";
				SWIFT_VERSION = 3.0;
				TEST_HOST = "$(BUILT_PRODUCTS_DIR)/Pokedex3.app/Pokedex3";
			};
			name = Release;
		};
		D309294F1F20336600D975B6 /* Debug */ = {
			isa = XCBuildConfiguration;
			buildSettings = {
				ALWAYS_EMBED_SWIFT_STANDARD_LIBRARIES = YES;
				INFOPLIST_FILE = Pokedex3UITests/Info.plist;
				LD_RUNPATH_SEARCH_PATHS = "$(inherited) @executable_path/Frameworks @loader_path/Frameworks";
				PRODUCT_BUNDLE_IDENTIFIER = com.brimarq.Pokedex3UITests;
				PRODUCT_NAME = "$(TARGET_NAME)";
				SWIFT_VERSION = 3.0;
				TEST_TARGET_NAME = Pokedex3;
			};
			name = Debug;
		};
		D30929501F20336600D975B6 /* Release */ = {
			isa = XCBuildConfiguration;
			buildSettings = {
				ALWAYS_EMBED_SWIFT_STANDARD_LIBRARIES = YES;
				INFOPLIST_FILE = Pokedex3UITests/Info.plist;
				LD_RUNPATH_SEARCH_PATHS = "$(inherited) @executable_path/Frameworks @loader_path/Frameworks";
				PRODUCT_BUNDLE_IDENTIFIER = com.brimarq.Pokedex3UITests;
				PRODUCT_NAME = "$(TARGET_NAME)";
				SWIFT_VERSION = 3.0;
				TEST_TARGET_NAME = Pokedex3;
			};
			name = Release;
		};
/* End XCBuildConfiguration section */

/* Begin XCConfigurationList section */
		D309291B1F20336600D975B6 /* Build configuration list for PBXProject "Pokedex3" */ = {
			isa = XCConfigurationList;
			buildConfigurations = (
				D30929461F20336600D975B6 /* Debug */,
				D30929471F20336600D975B6 /* Release */,
			);
			defaultConfigurationIsVisible = 0;
			defaultConfigurationName = Release;
		};
		D30929481F20336600D975B6 /* Build configuration list for PBXNativeTarget "Pokedex3" */ = {
			isa = XCConfigurationList;
			buildConfigurations = (
				D30929491F20336600D975B6 /* Debug */,
				D309294A1F20336600D975B6 /* Release */,
			);
			defaultConfigurationIsVisible = 0;
		};
		D309294B1F20336600D975B6 /* Build configuration list for PBXNativeTarget "Pokedex3Tests" */ = {
			isa = XCConfigurationList;
			buildConfigurations = (
				D309294C1F20336600D975B6 /* Debug */,
				D309294D1F20336600D975B6 /* Release */,
			);
			defaultConfigurationIsVisible = 0;
		};
		D309294E1F20336600D975B6 /* Build configuration list for PBXNativeTarget "Pokedex3UITests" */ = {
			isa = XCConfigurationList;
			buildConfigurations = (
				D309294F1F20336600D975B6 /* Debug */,
				D30929501F20336600D975B6 /* Release */,
			);
			defaultConfigurationIsVisible = 0;
		};
/* End XCConfigurationList section */
	};
	rootObject = D30929181F20336600D975B6 /* Project object */;
}
